
Microsoft Visual Studio Solution File, Format Version 12.00
# Visual Studio 14
VisualStudioVersion = 14.0.25420.1
MinimumVisualStudioVersion = 10.0.40219.1
Project("{2150E333-8FDC-42A3-9474-1A3956D46DE8}") = "src", "src", "{2DAE41FA-7E73-4052-81AC-AD575F0727CD}"
EndProject
Project("{2150E333-8FDC-42A3-9474-1A3956D46DE8}") = "Domain", "Domain", "{3B9B3DB8-562D-4F4B-848E-E2F4B05D7B50}"
EndProject
Project("{2150E333-8FDC-42A3-9474-1A3956D46DE8}") = "Infrastructure", "Infrastructure", "{A1AB1F05-5D71-4D26-A349-A9495FC5577A}"
EndProject
Project("{2150E333-8FDC-42A3-9474-1A3956D46DE8}") = "Facade", "Facade", "{A2236685-FDA5-4D09-B773-CB0AAC618731}"
EndProject
Project("{2150E333-8FDC-42A3-9474-1A3956D46DE8}") = "Incoming", "Incoming", "{23D1BEE8-FFF9-4108-AAB8-3AECCCB960A7}"
EndProject
Project("{2150E333-8FDC-42A3-9474-1A3956D46DE8}") = "Outgoing", "Outgoing", "{132B6A66-37A3-4D5B-A333-1AE674592A80}"
EndProject
Project("{2150E333-8FDC-42A3-9474-1A3956D46DE8}") = "test", "test", "{B17B606D-70E0-4D8C-A2B2-144EDC4F4C49}"
EndProject
Project("{2150E333-8FDC-42A3-9474-1A3956D46DE8}") = "Domain.Test", "Domain.Test", "{12622F9D-5C38-4ED0-A727-B16288D81A87}"
EndProject
Project("{2150E333-8FDC-42A3-9474-1A3956D46DE8}") = "Infrastructure.Test", "Infrastructure.Test", "{9ED4A71A-4743-41C4-9D81-FC32BB146855}"
EndProject
Project("{2150E333-8FDC-42A3-9474-1A3956D46DE8}") = "Facade.Test", "Facade.Test", "{988D9CCD-D1C6-4B6E-8B63-3AE74B315E21}"
EndProject
Project("{2150E333-8FDC-42A3-9474-1A3956D46DE8}") = "Integration.Test", "Integration.Test", "{FCFD07D4-A8A9-4646-8259-63F03FA574E5}"
EndProject
Global
	GlobalSection(SolutionProperties) = preSolution
		HideSolutionNode = FALSE
	EndGlobalSection
	GlobalSection(NestedProjects) = preSolution
		{3B9B3DB8-562D-4F4B-848E-E2F4B05D7B50} = {2DAE41FA-7E73-4052-81AC-AD575F0727CD}
		{A1AB1F05-5D71-4D26-A349-A9495FC5577A} = {2DAE41FA-7E73-4052-81AC-AD575F0727CD}
		{A2236685-FDA5-4D09-B773-CB0AAC618731} = {2DAE41FA-7E73-4052-81AC-AD575F0727CD}
		{23D1BEE8-FFF9-4108-AAB8-3AECCCB960A7} = {2DAE41FA-7E73-4052-81AC-AD575F0727CD}
		{132B6A66-37A3-4D5B-A333-1AE674592A80} = {2DAE41FA-7E73-4052-81AC-AD575F0727CD}
		{12622F9D-5C38-4ED0-A727-B16288D81A87} = {B17B606D-70E0-4D8C-A2B2-144EDC4F4C49}
		{9ED4A71A-4743-41C4-9D81-FC32BB146855} = {B17B606D-70E0-4D8C-A2B2-144EDC4F4C49}
		{988D9CCD-D1C6-4B6E-8B63-3AE74B315E21} = {B17B606D-70E0-4D8C-A2B2-144EDC4F4C49}
	EndGlobalSection
EndGlobal
