
Microsoft Visual Studio Solution File, Format Version 12.00
# Visual Studio 14
VisualStudioVersion = 14.0.25420.1
MinimumVisualStudioVersion = 10.0.40219.1
Project("{2150E333-8FDC-42A3-9474-1A3956D46DE8}") = "src", "src", "{5539C7B2-C1FC-4691-95CD-7D757B1894E5}"
EndProject
Project("{2150E333-8FDC-42A3-9474-1A3956D46DE8}") = "Solution Items", "Solution Items", "{0087662A-4521-4F53-90F6-505CE0C21214}"
	ProjectSection(SolutionItems) = preProject
		global.json = global.json
	EndProjectSection
EndProject
Project("{8BB2217D-0F2D-49D1-97BC-3654ED321F3B}") = "ConsoleApp2", "src\ConsoleApp2\ConsoleApp2.xproj", "{0099339E-6D27-427F-A357-87728A51A49B}"
EndProject
Global
	GlobalSection(SolutionConfigurationPlatforms) = preSolution
		Debug|Any CPU = Debug|Any CPU
		Release|Any CPU = Release|Any CPU
	EndGlobalSection
	GlobalSection(ProjectConfigurationPlatforms) = postSolution
		{0099339E-6D27-427F-A357-87728A51A49B}.Debug|Any CPU.ActiveCfg = Debug|Any CPU
		{0099339E-6D27-427F-A357-87728A51A49B}.Debug|Any CPU.Build.0 = Debug|Any CPU
		{0099339E-6D27-427F-A357-87728A51A49B}.Release|Any CPU.ActiveCfg = Release|Any CPU
		{0099339E-6D27-427F-A357-87728A51A49B}.Release|Any CPU.Build.0 = Release|Any CPU
	EndGlobalSection
	GlobalSection(SolutionProperties) = preSolution
		HideSolutionNode = FALSE
	EndGlobalSection
	GlobalSection(NestedProjects) = preSolution
		{0099339E-6D27-427F-A357-87728A51A49B} = {5539C7B2-C1FC-4691-95CD-7D757B1894E5}
	EndGlobalSection
EndGlobal
