
Microsoft Visual Studio Solution File, Format Version 12.00
# Visual Studio 14
VisualStudioVersion = 14.0.25420.1
MinimumVisualStudioVersion = 10.0.40219.1
Project("{2150E333-8FDC-42A3-9474-1A3956D46DE8}") = "src", "src", "{C7880806-706F-46E3-8F26-DDDA2B4DEF15}"
EndProject
Project("{2150E333-8FDC-42A3-9474-1A3956D46DE8}") = "Solution Items", "Solution Items", "{358C2616-D789-4C50-B82C-B3A87BA7122B}"
	ProjectSection(SolutionItems) = preProject
		global.json = global.json
	EndProjectSection
EndProject
Project("{8BB2217D-0F2D-49D1-97BC-3654ED321F3B}") = "Minor.Dag52.Cryptography", "src\Minor.Dag52.Cryptography\Minor.Dag52.Cryptography.xproj", "{1CC66CB2-5C9E-4E6C-AD11-6B4D1A9A0C11}"
EndProject
Project("{8BB2217D-0F2D-49D1-97BC-3654ED321F3B}") = "Minor.Dag52.Decryptography", "src\Minor.Dag52.Decryptography\Minor.Dag52.Decryptography.xproj", "{AF859C1E-4F90-425C-964E-B425638A0208}"
EndProject
Global
	GlobalSection(SolutionConfigurationPlatforms) = preSolution
		Debug|Any CPU = Debug|Any CPU
		Release|Any CPU = Release|Any CPU
	EndGlobalSection
	GlobalSection(ProjectConfigurationPlatforms) = postSolution
		{1CC66CB2-5C9E-4E6C-AD11-6B4D1A9A0C11}.Debug|Any CPU.ActiveCfg = Debug|Any CPU
		{1CC66CB2-5C9E-4E6C-AD11-6B4D1A9A0C11}.Debug|Any CPU.Build.0 = Debug|Any CPU
		{1CC66CB2-5C9E-4E6C-AD11-6B4D1A9A0C11}.Release|Any CPU.ActiveCfg = Release|Any CPU
		{1CC66CB2-5C9E-4E6C-AD11-6B4D1A9A0C11}.Release|Any CPU.Build.0 = Release|Any CPU
		{AF859C1E-4F90-425C-964E-B425638A0208}.Debug|Any CPU.ActiveCfg = Debug|Any CPU
		{AF859C1E-4F90-425C-964E-B425638A0208}.Debug|Any CPU.Build.0 = Debug|Any CPU
		{AF859C1E-4F90-425C-964E-B425638A0208}.Release|Any CPU.ActiveCfg = Release|Any CPU
		{AF859C1E-4F90-425C-964E-B425638A0208}.Release|Any CPU.Build.0 = Release|Any CPU
	EndGlobalSection
	GlobalSection(SolutionProperties) = preSolution
		HideSolutionNode = FALSE
	EndGlobalSection
	GlobalSection(NestedProjects) = preSolution
		{1CC66CB2-5C9E-4E6C-AD11-6B4D1A9A0C11} = {C7880806-706F-46E3-8F26-DDDA2B4DEF15}
		{AF859C1E-4F90-425C-964E-B425638A0208} = {C7880806-706F-46E3-8F26-DDDA2B4DEF15}
	EndGlobalSection
EndGlobal
