
Microsoft Visual Studio Solution File, Format Version 12.00
# Visual Studio 14
VisualStudioVersion = 14.0.25420.1
MinimumVisualStudioVersion = 10.0.40219.1
Project("{2150E333-8FDC-42A3-9474-1A3956D46DE8}") = "src", "src", "{8416FF60-8E01-42C2-8E0A-DDD4EAFB1DD7}"
EndProject
Project("{2150E333-8FDC-42A3-9474-1A3956D46DE8}") = "Solution Items", "Solution Items", "{0B4400DB-7867-433A-BC79-D71FD6979A6F}"
	ProjectSection(SolutionItems) = preProject
		global.json = global.json
	EndProjectSection
EndProject
Project("{8BB2217D-0F2D-49D1-97BC-3654ED321F3B}") = "Minor.Dag12.LINQnamenOefening", "src\Minor.Dag12.LINQnamenOefening\Minor.Dag12.LINQnamenOefening.xproj", "{9B5B5F5F-23FE-4F26-AAD6-E549E69D5949}"
EndProject
Project("{2150E333-8FDC-42A3-9474-1A3956D46DE8}") = "test", "test", "{902F76D1-5F97-4D95-9353-796748906EAE}"
EndProject
Project("{8BB2217D-0F2D-49D1-97BC-3654ED321F3B}") = "Minor.Dag12.LINQnamenOefening.Test", "test\Minor.Dag12.LINQnamenOefening.Test\Minor.Dag12.LINQnamenOefening.Test.xproj", "{A0273BEE-D8F5-48CD-8D29-80725871A74E}"
EndProject
Global
	GlobalSection(SolutionConfigurationPlatforms) = preSolution
		Debug|Any CPU = Debug|Any CPU
		Release|Any CPU = Release|Any CPU
	EndGlobalSection
	GlobalSection(ProjectConfigurationPlatforms) = postSolution
		{9B5B5F5F-23FE-4F26-AAD6-E549E69D5949}.Debug|Any CPU.ActiveCfg = Debug|Any CPU
		{9B5B5F5F-23FE-4F26-AAD6-E549E69D5949}.Debug|Any CPU.Build.0 = Debug|Any CPU
		{9B5B5F5F-23FE-4F26-AAD6-E549E69D5949}.Release|Any CPU.ActiveCfg = Release|Any CPU
		{9B5B5F5F-23FE-4F26-AAD6-E549E69D5949}.Release|Any CPU.Build.0 = Release|Any CPU
		{A0273BEE-D8F5-48CD-8D29-80725871A74E}.Debug|Any CPU.ActiveCfg = Debug|Any CPU
		{A0273BEE-D8F5-48CD-8D29-80725871A74E}.Debug|Any CPU.Build.0 = Debug|Any CPU
		{A0273BEE-D8F5-48CD-8D29-80725871A74E}.Release|Any CPU.ActiveCfg = Release|Any CPU
		{A0273BEE-D8F5-48CD-8D29-80725871A74E}.Release|Any CPU.Build.0 = Release|Any CPU
	EndGlobalSection
	GlobalSection(SolutionProperties) = preSolution
		HideSolutionNode = FALSE
	EndGlobalSection
	GlobalSection(NestedProjects) = preSolution
		{9B5B5F5F-23FE-4F26-AAD6-E549E69D5949} = {8416FF60-8E01-42C2-8E0A-DDD4EAFB1DD7}
		{A0273BEE-D8F5-48CD-8D29-80725871A74E} = {902F76D1-5F97-4D95-9353-796748906EAE}
	EndGlobalSection
EndGlobal
