
Microsoft Visual Studio Solution File, Format Version 12.00
# Visual Studio 14
VisualStudioVersion = 14.0.25420.1
MinimumVisualStudioVersion = 10.0.40219.1
Project("{8BB2217D-0F2D-49D1-97BC-3654ED321F3B}") = "Minor.Dag05.MarcoMath.Test", "Minor.Dag05.MarcoMath.Test\Minor.Dag05.MarcoMath.Test.xproj", "{F5905ABC-DAAA-4AB4-89E9-B4E13E06F49C}"
EndProject
Project("{8BB2217D-0F2D-49D1-97BC-3654ED321F3B}") = "Minor.Dag05.MarcoMath", "Minor.Dag05.MarcoMath\Minor.Dag05.MarcoMath.xproj", "{F73BA93B-EAF3-41B1-BEF9-5FAD39DED9F4}"
EndProject
Global
	GlobalSection(SolutionConfigurationPlatforms) = preSolution
		Debug|Any CPU = Debug|Any CPU
		Release|Any CPU = Release|Any CPU
	EndGlobalSection
	GlobalSection(ProjectConfigurationPlatforms) = postSolution
		{F5905ABC-DAAA-4AB4-89E9-B4E13E06F49C}.Debug|Any CPU.ActiveCfg = Debug|Any CPU
		{F5905ABC-DAAA-4AB4-89E9-B4E13E06F49C}.Debug|Any CPU.Build.0 = Debug|Any CPU
		{F5905ABC-DAAA-4AB4-89E9-B4E13E06F49C}.Release|Any CPU.ActiveCfg = Release|Any CPU
		{F5905ABC-DAAA-4AB4-89E9-B4E13E06F49C}.Release|Any CPU.Build.0 = Release|Any CPU
		{F73BA93B-EAF3-41B1-BEF9-5FAD39DED9F4}.Debug|Any CPU.ActiveCfg = Debug|Any CPU
		{F73BA93B-EAF3-41B1-BEF9-5FAD39DED9F4}.Debug|Any CPU.Build.0 = Debug|Any CPU
		{F73BA93B-EAF3-41B1-BEF9-5FAD39DED9F4}.Release|Any CPU.ActiveCfg = Release|Any CPU
		{F73BA93B-EAF3-41B1-BEF9-5FAD39DED9F4}.Release|Any CPU.Build.0 = Release|Any CPU
	EndGlobalSection
	GlobalSection(SolutionProperties) = preSolution
		HideSolutionNode = FALSE
	EndGlobalSection
EndGlobal
